
Microsoft Visual Studio Solution File, Format Version 12.00
# Visual Studio Version 17
VisualStudioVersion = 17.11.35327.3
MinimumVisualStudioVersion = 10.0.40219.1
Project("{FAE04EC0-301F-11D3-BF4B-00C04F79EFBC}") = "CodingWiki_Web", "CodingWiki_Web\CodingWiki_Web.csproj", "{09D9682B-7E6E-4C2F-B652-FC4341E07BDD}"
EndProject
Project("{FAE04EC0-301F-11D3-BF4B-00C04F79EFBC}") = "CodingWiki_DataAccess", "CodingWiki_DataAccess\CodingWiki_DataAccess.csproj", "{44D79B9D-5908-41E6-8C73-F7850BDBFCF4}"
EndProject
Project("{FAE04EC0-301F-11D3-BF4B-00C04F79EFBC}") = "CodingWiki_Model", "CodingWiki_Model\CodingWiki_Model.csproj", "{D1A09658-3AF5-4948-B01F-7E1A8BC54151}"
EndProject
Project("{FAE04EC0-301F-11D3-BF4B-00C04F79EFBC}") = "CodingWiki_Console", "CodingWiki_Console\CodingWiki_Console.csproj", "{0FC3AD13-202A-4B42-BA1D-F4A94BF61939}"
EndProject
Global
	GlobalSection(SolutionConfigurationPlatforms) = preSolution
		Debug|Any CPU = Debug|Any CPU
		Release|Any CPU = Release|Any CPU
	EndGlobalSection
	GlobalSection(ProjectConfigurationPlatforms) = postSolution
		{09D9682B-7E6E-4C2F-B652-FC4341E07BDD}.Debug|Any CPU.ActiveCfg = Debug|Any CPU
		{09D9682B-7E6E-4C2F-B652-FC4341E07BDD}.Debug|Any CPU.Build.0 = Debug|Any CPU
		{09D9682B-7E6E-4C2F-B652-FC4341E07BDD}.Release|Any CPU.ActiveCfg = Release|Any CPU
		{09D9682B-7E6E-4C2F-B652-FC4341E07BDD}.Release|Any CPU.Build.0 = Release|Any CPU
		{44D79B9D-5908-41E6-8C73-F7850BDBFCF4}.Debug|Any CPU.ActiveCfg = Debug|Any CPU
		{44D79B9D-5908-41E6-8C73-F7850BDBFCF4}.Debug|Any CPU.Build.0 = Debug|Any CPU
		{44D79B9D-5908-41E6-8C73-F7850BDBFCF4}.Release|Any CPU.ActiveCfg = Release|Any CPU
		{44D79B9D-5908-41E6-8C73-F7850BDBFCF4}.Release|Any CPU.Build.0 = Release|Any CPU
		{D1A09658-3AF5-4948-B01F-7E1A8BC54151}.Debug|Any CPU.ActiveCfg = Debug|Any CPU
		{D1A09658-3AF5-4948-B01F-7E1A8BC54151}.Debug|Any CPU.Build.0 = Debug|Any CPU
		{D1A09658-3AF5-4948-B01F-7E1A8BC54151}.Release|Any CPU.ActiveCfg = Release|Any CPU
		{D1A09658-3AF5-4948-B01F-7E1A8BC54151}.Release|Any CPU.Build.0 = Release|Any CPU
		{0FC3AD13-202A-4B42-BA1D-F4A94BF61939}.Debug|Any CPU.ActiveCfg = Debug|Any CPU
		{0FC3AD13-202A-4B42-BA1D-F4A94BF61939}.Debug|Any CPU.Build.0 = Debug|Any CPU
		{0FC3AD13-202A-4B42-BA1D-F4A94BF61939}.Release|Any CPU.ActiveCfg = Release|Any CPU
		{0FC3AD13-202A-4B42-BA1D-F4A94BF61939}.Release|Any CPU.Build.0 = Release|Any CPU
	EndGlobalSection
	GlobalSection(SolutionProperties) = preSolution
		HideSolutionNode = FALSE
	EndGlobalSection
	GlobalSection(ExtensibilityGlobals) = postSolution
		SolutionGuid = {E5B89547-8B26-4707-8583-D030A966237A}
	EndGlobalSection
EndGlobal
